{
  "models": [
    {
      "name": "kb-whisper-small-q5_0",
      "purpose": "transcription",
      "upstream": "KBLab/kb-whisper-small",
      "url": "https://huggingface.co/KBLab/kb-whisper-small/resolve/3564d61a42fc210ceaa55a22a96dd64478959c78/ggml-model-q5_0.bin",
      "revision": "3564d61a42fc210ceaa55a22a96dd64478959c78",
      "license": "Apache-2.0",
      "filename": "kb-whisper-small-q5_0.bin",
      "size": 175209680,
      "sha256": "6768836a51abc902e420c613153e6d418c90ea2774e913274d02ab23170225b7"
    },
    {
      "name": "whisper-small-q5_1",
      "purpose": "transcription",
      "upstream": "ggerganov/whisper.cpp (OpenAI Whisper Small)",
      "url": "https://huggingface.co/ggerganov/whisper.cpp/resolve/5359861c739e955e79d9a303bcbc70fb988958b1/ggml-small-q5_1.bin",
      "revision": "5359861c739e955e79d9a303bcbc70fb988958b1",
      "license": "MIT",
      "filename": "ggml-small-q5_1.bin",
      "size": 190085487,
      "sha256": "ae85e4a935d7a567bd102fe55afc16bb595bdb618e11b2fc7591bc08120411bb"
    },
    {
      "name": "pyannote-segmentation-3.0-onnx",
      "purpose": "diarization-segmentation",
      "upstream": "pyannote/segmentation-3.0 converted by k2-fsa/sherpa-onnx",
      "url": "https://github.com/k2-fsa/sherpa-onnx/releases/download/speaker-segmentation-models/sherpa-onnx-pyannote-segmentation-3-0.tar.bz2",
      "revision": "sherpa-onnx speaker-segmentation-models release; ONNX metadata version 1",
      "license": "MIT",
      "filename": "model.onnx",
      "size": 5992913,
      "sha256": "220ad67ca923bef2fa91f2390c786097bf305bceb5e261d4af67b38e938e1079",
      "download_size": 6958444,
      "download_sha256": "24615ee884c897d9d2ba09bb4d30da6bb1b15e685065962db5b02e76e4996488",
      "archive_member": "sherpa-onnx-pyannote-segmentation-3-0/model.onnx"
    },
    {
      "name": "nemo-en-titanet-small",
      "purpose": "speaker-embedding",
      "upstream": "NVIDIA NeMo TitaNet-S converted by k2-fsa/sherpa-onnx",
      "url": "https://github.com/k2-fsa/sherpa-onnx/releases/download/speaker-recongition-models/nemo_en_titanet_small.onnx",
      "revision": "NVIDIA NGC TitaNet-S 1.19.0; sherpa-onnx ONNX export",
      "license": "CC-BY-4.0 (NVIDIA states NeMo NGC pretrained checkpoints use CC-BY-4.0 unless otherwise specified)",
      "filename": "nemo_en_titanet_small.onnx",
      "size": 40257283,
      "sha256": "ad4a1802485d8b34c722d2a9d04249662f2ece5d28a7a039063ca22f515a789e"
    }
  ]
}
